
Microsoft Visual Studio Solution File, Format Version 12.00
# Visual Studio Version 17
VisualStudioVersion = 17.0.32112.339
MinimumVisualStudioVersion = 10.0.40219.1
Project("{FAE04EC0-301F-11D3-BF4B-00C04F79EFBC}") = "Factorial of a Number", "Factorial of a Number\Factorial of a Number.csproj", "{A48950E7-8FF3-47C7-AF61-5DD587163ACC}"
EndProject
Global
	GlobalSection(SolutionConfigurationPlatforms) = preSolution
		Debug|Any CPU = Debug|Any CPU
		Release|Any CPU = Release|Any CPU
	EndGlobalSection
	GlobalSection(ProjectConfigurationPlatforms) = postSolution
		{A48950E7-8FF3-47C7-AF61-5DD587163ACC}.Debug|Any CPU.ActiveCfg = Debug|Any CPU
		{A48950E7-8FF3-47C7-AF61-5DD587163ACC}.Debug|Any CPU.Build.0 = Debug|Any CPU
		{A48950E7-8FF3-47C7-AF61-5DD587163ACC}.Release|Any CPU.ActiveCfg = Release|Any CPU
		{A48950E7-8FF3-47C7-AF61-5DD587163ACC}.Release|Any CPU.Build.0 = Release|Any CPU
	EndGlobalSection
	GlobalSection(SolutionProperties) = preSolution
		HideSolutionNode = FALSE
	EndGlobalSection
	GlobalSection(ExtensibilityGlobals) = postSolution
		SolutionGuid = {93F6F2CA-FE95-4F5D-90E2-064948BC30B0}
	EndGlobalSection
EndGlobal
