
Microsoft Visual Studio Solution File, Format Version 12.00
# Visual Studio Version 17
VisualStudioVersion = 17.0.32112.339
MinimumVisualStudioVersion = 10.0.40219.1
Project("{FAE04EC0-301F-11D3-BF4B-00C04F79EFBC}") = "Day 16 Project 5", "Day 16 Project 5\Day 16 Project 5.csproj", "{516ABCE0-748A-46FB-A650-F92D31D231F2}"
EndProject
Global
	GlobalSection(SolutionConfigurationPlatforms) = preSolution
		Debug|Any CPU = Debug|Any CPU
		Release|Any CPU = Release|Any CPU
	EndGlobalSection
	GlobalSection(ProjectConfigurationPlatforms) = postSolution
		{516ABCE0-748A-46FB-A650-F92D31D231F2}.Debug|Any CPU.ActiveCfg = Debug|Any CPU
		{516ABCE0-748A-46FB-A650-F92D31D231F2}.Debug|Any CPU.Build.0 = Debug|Any CPU
		{516ABCE0-748A-46FB-A650-F92D31D231F2}.Release|Any CPU.ActiveCfg = Release|Any CPU
		{516ABCE0-748A-46FB-A650-F92D31D231F2}.Release|Any CPU.Build.0 = Release|Any CPU
	EndGlobalSection
	GlobalSection(SolutionProperties) = preSolution
		HideSolutionNode = FALSE
	EndGlobalSection
	GlobalSection(ExtensibilityGlobals) = postSolution
		SolutionGuid = {7BF6D568-6AF3-445C-BBA9-CCAC3EAF95D3}
	EndGlobalSection
EndGlobal
