
Microsoft Visual Studio Solution File, Format Version 12.00
# Visual Studio Version 17
VisualStudioVersion = 17.0.32112.339
MinimumVisualStudioVersion = 10.0.40219.1
Project("{FAE04EC0-301F-11D3-BF4B-00C04F79EFBC}") = "Day 15 Project 4", "Day 15 Project 4\Day 15 Project 4.csproj", "{2B669A66-BFE7-494A-A1B8-0F2C0193E195}"
EndProject
Global
	GlobalSection(SolutionConfigurationPlatforms) = preSolution
		Debug|Any CPU = Debug|Any CPU
		Release|Any CPU = Release|Any CPU
	EndGlobalSection
	GlobalSection(ProjectConfigurationPlatforms) = postSolution
		{2B669A66-BFE7-494A-A1B8-0F2C0193E195}.Debug|Any CPU.ActiveCfg = Debug|Any CPU
		{2B669A66-BFE7-494A-A1B8-0F2C0193E195}.Debug|Any CPU.Build.0 = Debug|Any CPU
		{2B669A66-BFE7-494A-A1B8-0F2C0193E195}.Release|Any CPU.ActiveCfg = Release|Any CPU
		{2B669A66-BFE7-494A-A1B8-0F2C0193E195}.Release|Any CPU.Build.0 = Release|Any CPU
	EndGlobalSection
	GlobalSection(SolutionProperties) = preSolution
		HideSolutionNode = FALSE
	EndGlobalSection
	GlobalSection(ExtensibilityGlobals) = postSolution
		SolutionGuid = {6C4465B3-79CE-4816-B6BC-593072EAF48B}
	EndGlobalSection
EndGlobal
