
Microsoft Visual Studio Solution File, Format Version 12.00
# Visual Studio Version 17
VisualStudioVersion = 17.0.32112.339
MinimumVisualStudioVersion = 10.0.40219.1
Project("{FAE04EC0-301F-11D3-BF4B-00C04F79EFBC}") = "Day 16 Project 2", "Day 16 Project 2\Day 16 Project 2.csproj", "{B38EE03B-8A51-4934-98B5-DB11E7ECC377}"
EndProject
Global
	GlobalSection(SolutionConfigurationPlatforms) = preSolution
		Debug|Any CPU = Debug|Any CPU
		Release|Any CPU = Release|Any CPU
	EndGlobalSection
	GlobalSection(ProjectConfigurationPlatforms) = postSolution
		{B38EE03B-8A51-4934-98B5-DB11E7ECC377}.Debug|Any CPU.ActiveCfg = Debug|Any CPU
		{B38EE03B-8A51-4934-98B5-DB11E7ECC377}.Debug|Any CPU.Build.0 = Debug|Any CPU
		{B38EE03B-8A51-4934-98B5-DB11E7ECC377}.Release|Any CPU.ActiveCfg = Release|Any CPU
		{B38EE03B-8A51-4934-98B5-DB11E7ECC377}.Release|Any CPU.Build.0 = Release|Any CPU
	EndGlobalSection
	GlobalSection(SolutionProperties) = preSolution
		HideSolutionNode = FALSE
	EndGlobalSection
	GlobalSection(ExtensibilityGlobals) = postSolution
		SolutionGuid = {A1BF2745-5E6E-4FF2-9F07-41A41D9B30DE}
	EndGlobalSection
EndGlobal
