
Microsoft Visual Studio Solution File, Format Version 12.00
# Visual Studio Version 17
VisualStudioVersion = 17.0.32112.339
MinimumVisualStudioVersion = 10.0.40219.1
Project("{FAE04EC0-301F-11D3-BF4B-00C04F79EFBC}") = "Day 14 Project 1", "Day 14 Project 1\Day 14 Project 1.csproj", "{1CDF0BB2-C339-4671-9A26-5CCD6814F8B2}"
EndProject
Global
	GlobalSection(SolutionConfigurationPlatforms) = preSolution
		Debug|Any CPU = Debug|Any CPU
		Release|Any CPU = Release|Any CPU
	EndGlobalSection
	GlobalSection(ProjectConfigurationPlatforms) = postSolution
		{1CDF0BB2-C339-4671-9A26-5CCD6814F8B2}.Debug|Any CPU.ActiveCfg = Debug|Any CPU
		{1CDF0BB2-C339-4671-9A26-5CCD6814F8B2}.Debug|Any CPU.Build.0 = Debug|Any CPU
		{1CDF0BB2-C339-4671-9A26-5CCD6814F8B2}.Release|Any CPU.ActiveCfg = Release|Any CPU
		{1CDF0BB2-C339-4671-9A26-5CCD6814F8B2}.Release|Any CPU.Build.0 = Release|Any CPU
	EndGlobalSection
	GlobalSection(SolutionProperties) = preSolution
		HideSolutionNode = FALSE
	EndGlobalSection
	GlobalSection(ExtensibilityGlobals) = postSolution
		SolutionGuid = {4C564A08-C309-4938-881E-560AE4982933}
	EndGlobalSection
EndGlobal
