
Microsoft Visual Studio Solution File, Format Version 12.00
# Visual Studio Version 17
VisualStudioVersion = 17.0.32112.339
MinimumVisualStudioVersion = 10.0.40219.1
Project("{FAE04EC0-301F-11D3-BF4B-00C04F79EFBC}") = "Day 12 Project 1", "Day 12 Project 1\Day 12 Project 1.csproj", "{05C2D42D-6416-41A4-95FA-EC1AE5A50128}"
EndProject
Global
	GlobalSection(SolutionConfigurationPlatforms) = preSolution
		Debug|Any CPU = Debug|Any CPU
		Release|Any CPU = Release|Any CPU
	EndGlobalSection
	GlobalSection(ProjectConfigurationPlatforms) = postSolution
		{05C2D42D-6416-41A4-95FA-EC1AE5A50128}.Debug|Any CPU.ActiveCfg = Debug|Any CPU
		{05C2D42D-6416-41A4-95FA-EC1AE5A50128}.Debug|Any CPU.Build.0 = Debug|Any CPU
		{05C2D42D-6416-41A4-95FA-EC1AE5A50128}.Release|Any CPU.ActiveCfg = Release|Any CPU
		{05C2D42D-6416-41A4-95FA-EC1AE5A50128}.Release|Any CPU.Build.0 = Release|Any CPU
	EndGlobalSection
	GlobalSection(SolutionProperties) = preSolution
		HideSolutionNode = FALSE
	EndGlobalSection
	GlobalSection(ExtensibilityGlobals) = postSolution
		SolutionGuid = {E0C8B52E-0DCD-46BA-8ADB-363143B913AA}
	EndGlobalSection
EndGlobal
