
Microsoft Visual Studio Solution File, Format Version 12.00
# Visual Studio Version 17
VisualStudioVersion = 17.0.32112.339
MinimumVisualStudioVersion = 10.0.40219.1
Project("{FAE04EC0-301F-11D3-BF4B-00C04F79EFBC}") = "Initializing Array with 5 values and adding", "Initializing Array with 5 values and adding\Initializing Array with 5 values and adding.csproj", "{ECE7C726-A5DA-4049-ACA2-E37BC469B404}"
EndProject
Global
	GlobalSection(SolutionConfigurationPlatforms) = preSolution
		Debug|Any CPU = Debug|Any CPU
		Release|Any CPU = Release|Any CPU
	EndGlobalSection
	GlobalSection(ProjectConfigurationPlatforms) = postSolution
		{ECE7C726-A5DA-4049-ACA2-E37BC469B404}.Debug|Any CPU.ActiveCfg = Debug|Any CPU
		{ECE7C726-A5DA-4049-ACA2-E37BC469B404}.Debug|Any CPU.Build.0 = Debug|Any CPU
		{ECE7C726-A5DA-4049-ACA2-E37BC469B404}.Release|Any CPU.ActiveCfg = Release|Any CPU
		{ECE7C726-A5DA-4049-ACA2-E37BC469B404}.Release|Any CPU.Build.0 = Release|Any CPU
	EndGlobalSection
	GlobalSection(SolutionProperties) = preSolution
		HideSolutionNode = FALSE
	EndGlobalSection
	GlobalSection(ExtensibilityGlobals) = postSolution
		SolutionGuid = {6228730B-5D82-460D-8BCC-BFE7927F59D8}
	EndGlobalSection
EndGlobal
