
Microsoft Visual Studio Solution File, Format Version 12.00
# Visual Studio Version 17
VisualStudioVersion = 17.0.32112.339
MinimumVisualStudioVersion = 10.0.40219.1
Project("{FAE04EC0-301F-11D3-BF4B-00C04F79EFBC}") = "day1project1 by praveen chakravarthi", "day1project1 by praveen chakravarthi\day1project1 by praveen chakravarthi.csproj", "{69CA0767-8364-46BE-AA66-515B353A47AD}"
EndProject
Global
	GlobalSection(SolutionConfigurationPlatforms) = preSolution
		Debug|Any CPU = Debug|Any CPU
		Release|Any CPU = Release|Any CPU
	EndGlobalSection
	GlobalSection(ProjectConfigurationPlatforms) = postSolution
		{69CA0767-8364-46BE-AA66-515B353A47AD}.Debug|Any CPU.ActiveCfg = Debug|Any CPU
		{69CA0767-8364-46BE-AA66-515B353A47AD}.Debug|Any CPU.Build.0 = Debug|Any CPU
		{69CA0767-8364-46BE-AA66-515B353A47AD}.Release|Any CPU.ActiveCfg = Release|Any CPU
		{69CA0767-8364-46BE-AA66-515B353A47AD}.Release|Any CPU.Build.0 = Release|Any CPU
	EndGlobalSection
	GlobalSection(SolutionProperties) = preSolution
		HideSolutionNode = FALSE
	EndGlobalSection
	GlobalSection(ExtensibilityGlobals) = postSolution
		SolutionGuid = {813ADFC3-C877-4B9A-872F-C92343945285}
	EndGlobalSection
EndGlobal
