
Microsoft Visual Studio Solution File, Format Version 12.00
# Visual Studio Version 17
VisualStudioVersion = 17.0.32112.339
MinimumVisualStudioVersion = 10.0.40219.1
Project("{FAE04EC0-301F-11D3-BF4B-00C04F79EFBC}") = "Day 7 Project 1", "Day 7 Project 1\Day 7 Project 1.csproj", "{BCE0A75D-970B-4DD8-B566-F8D1B4E4B0CF}"
EndProject
Global
	GlobalSection(SolutionConfigurationPlatforms) = preSolution
		Debug|Any CPU = Debug|Any CPU
		Release|Any CPU = Release|Any CPU
	EndGlobalSection
	GlobalSection(ProjectConfigurationPlatforms) = postSolution
		{BCE0A75D-970B-4DD8-B566-F8D1B4E4B0CF}.Debug|Any CPU.ActiveCfg = Debug|Any CPU
		{BCE0A75D-970B-4DD8-B566-F8D1B4E4B0CF}.Debug|Any CPU.Build.0 = Debug|Any CPU
		{BCE0A75D-970B-4DD8-B566-F8D1B4E4B0CF}.Release|Any CPU.ActiveCfg = Release|Any CPU
		{BCE0A75D-970B-4DD8-B566-F8D1B4E4B0CF}.Release|Any CPU.Build.0 = Release|Any CPU
	EndGlobalSection
	GlobalSection(SolutionProperties) = preSolution
		HideSolutionNode = FALSE
	EndGlobalSection
	GlobalSection(ExtensibilityGlobals) = postSolution
		SolutionGuid = {8A07341F-D64E-4968-ACA4-766A53F0F4AA}
	EndGlobalSection
EndGlobal
